// !$*UTF8*$!
{
	archiveVersion = 1;
	classes = {
	};
	objectVersion = 56;
	objects = {

/* Begin PBXBuildFile section */
		8320725D2B0AA50D001D3A94 /* Data+.swift in Sources */ = {isa = PBXBuildFile; fileRef = 8320725C2B0AA50D001D3A94 /* Data+.swift */; };
		8330F27B2AF8BB0E00AB79A0 /* HomeMediatingControllerTests.swift in Sources */ = {isa = PBXBuildFile; fileRef = 8330F27A2AF8BB0E00AB79A0 /* HomeMediatingControllerTests.swift */; };
		8330F27D2AF8BBAC00AB79A0 /* UIView+.swift in Sources */ = {isa = PBXBuildFile; fileRef = 8330F27C2AF8BBAC00AB79A0 /* UIView+.swift */; };
		833198162AF88602008530BD /* Downloader.swift in Sources */ = {isa = PBXBuildFile; fileRef = 833198152AF88602008530BD /* Downloader.swift */; };
		8331981A2AF88745008530BD /* String+.swift in Sources */ = {isa = PBXBuildFile; fileRef = 833198192AF88745008530BD /* String+.swift */; };
		8331981B2AF88745008530BD /* UIImageView+.swift in Sources */ = {isa = PBXBuildFile; fileRef = 833198182AF88745008530BD /* UIImageView+.swift */; };
		8331981D2AF8874C008530BD /* ShadowView.swift in Sources */ = {isa = PBXBuildFile; fileRef = 8331981C2AF8874C008530BD /* ShadowView.swift */; };
		833198272AF887EC008530BD /* README.md in Resources */ = {isa = PBXBuildFile; fileRef = 8331981F2AF887EC008530BD /* README.md */; };
		833198282AF887EC008530BD /* Alert.swift in Sources */ = {isa = PBXBuildFile; fileRef = 833198212AF887EC008530BD /* Alert.swift */; };
		833198292AF887EC008530BD /* OpenLink.swift in Sources */ = {isa = PBXBuildFile; fileRef = 833198222AF887EC008530BD /* OpenLink.swift */; };
		8331982A2AF887EC008530BD /* KeyboardToolbar.swift in Sources */ = {isa = PBXBuildFile; fileRef = 833198232AF887EC008530BD /* KeyboardToolbar.swift */; };
		8331982B2AF887EC008530BD /* BiometricUnlock.swift in Sources */ = {isa = PBXBuildFile; fileRef = 833198242AF887EC008530BD /* BiometricUnlock.swift */; };
		8331982C2AF887EC008530BD /* UIPasteBoard+.swift in Sources */ = {isa = PBXBuildFile; fileRef = 833198262AF887EC008530BD /* UIPasteBoard+.swift */; };
		8331982E2AF89AE3008530BD /* APIKeys.swift in Sources */ = {isa = PBXBuildFile; fileRef = 8331982D2AF89AE3008530BD /* APIKeys.swift */; };
		83353C582AF9EC1E00726484 /* BrowseMediatingController.swift in Sources */ = {isa = PBXBuildFile; fileRef = 83353C572AF9EC1E00726484 /* BrowseMediatingController.swift */; };
		83353C5A2AF9EC2B00726484 /* BrowseMediatingController.xib in Resources */ = {isa = PBXBuildFile; fileRef = 83353C592AF9EC2B00726484 /* BrowseMediatingController.xib */; };
		83353C5C2AF9ECDD00726484 /* BrowseCollectionView.xib in Resources */ = {isa = PBXBuildFile; fileRef = 83353C5B2AF9ECDD00726484 /* BrowseCollectionView.xib */; };
		83353C5E2AF9ECE400726484 /* BrowseCollectionView.swift in Sources */ = {isa = PBXBuildFile; fileRef = 83353C5D2AF9ECE400726484 /* BrowseCollectionView.swift */; };
		83423AF72B02F6E20090B476 /* ProcessingView.swift in Sources */ = {isa = PBXBuildFile; fileRef = 83423AF62B02F6E20090B476 /* ProcessingView.swift */; };
		83738D1B2AF7087D00F185FC /* AppDelegate.swift in Sources */ = {isa = PBXBuildFile; fileRef = 83738D1A2AF7087D00F185FC /* AppDelegate.swift */; };
		83738D1D2AF7087D00F185FC /* SceneDelegate.swift in Sources */ = {isa = PBXBuildFile; fileRef = 83738D1C2AF7087D00F185FC /* SceneDelegate.swift */; };
		83738D1F2AF7087D00F185FC /* HomeMediatingController.swift in Sources */ = {isa = PBXBuildFile; fileRef = 83738D1E2AF7087D00F185FC /* HomeMediatingController.swift */; };
		83738D222AF7087D00F185FC /* Main.storyboard in Resources */ = {isa = PBXBuildFile; fileRef = 83738D202AF7087D00F185FC /* Main.storyboard */; };
		83738D242AF7087D00F185FC /* Assets.xcassets in Resources */ = {isa = PBXBuildFile; fileRef = 83738D232AF7087D00F185FC /* Assets.xcassets */; };
		83738D272AF7087D00F185FC /* LaunchScreen.storyboard in Resources */ = {isa = PBXBuildFile; fileRef = 83738D252AF7087D00F185FC /* LaunchScreen.storyboard */; };
		83738D322AF7087D00F185FC /* ComicFansTests.swift in Sources */ = {isa = PBXBuildFile; fileRef = 83738D312AF7087D00F185FC /* ComicFansTests.swift */; };
		83738D3C2AF7087E00F185FC /* ComicFansUITests.swift in Sources */ = {isa = PBXBuildFile; fileRef = 83738D3B2AF7087E00F185FC /* ComicFansUITests.swift */; };
		83738D3E2AF7087E00F185FC /* ComicFansUITestsLaunchTests.swift in Sources */ = {isa = PBXBuildFile; fileRef = 83738D3D2AF7087E00F185FC /* ComicFansUITestsLaunchTests.swift */; };
		83738D4D2AF70A1B00F185FC /* CurrentEventCell.swift in Sources */ = {isa = PBXBuildFile; fileRef = 83738D4C2AF70A1B00F185FC /* CurrentEventCell.swift */; };
		83738D4F2AF70A4500F185FC /* CurrentEventCell.xib in Resources */ = {isa = PBXBuildFile; fileRef = 83738D4E2AF70A4500F185FC /* CurrentEventCell.xib */; };
		83738D532AF70BAB00F185FC /* Thumbnail.swift in Sources */ = {isa = PBXBuildFile; fileRef = 83738D522AF70BAB00F185FC /* Thumbnail.swift */; };
		83738D5D2AF7292300F185FC /* CurrentEventRequest.swift in Sources */ = {isa = PBXBuildFile; fileRef = 83738D5C2AF7292300F185FC /* CurrentEventRequest.swift */; };
		83738D5F2AF72A0800F185FC /* HomeCoordinator.swift in Sources */ = {isa = PBXBuildFile; fileRef = 83738D5E2AF72A0800F185FC /* HomeCoordinator.swift */; };
		83738D612AF7585500F185FC /* CategoryCollectionCell.swift in Sources */ = {isa = PBXBuildFile; fileRef = 83738D602AF7585500F185FC /* CategoryCollectionCell.swift */; };
		83A422322AFE9CCE00626208 /* DataSet.swift in Sources */ = {isa = PBXBuildFile; fileRef = 83A422312AFE9CCE00626208 /* DataSet.swift */; };
		83A422342AFEB38900626208 /* Browse.swift in Sources */ = {isa = PBXBuildFile; fileRef = 83A422332AFEB38900626208 /* Browse.swift */; };
		83A43D102B008BD70008A27E /* AppColors.swift in Sources */ = {isa = PBXBuildFile; fileRef = 83A43D0F2B008BD70008A27E /* AppColors.swift */; };
		83A9A03C2AFA0CEA00C1DE87 /* BrowseCollectionViewCell.swift in Sources */ = {isa = PBXBuildFile; fileRef = 83A9A03B2AFA0CEA00C1DE87 /* BrowseCollectionViewCell.swift */; };
		83A9A03E2AFA0E1B00C1DE87 /* BrowseCollectionViewCell.xib in Resources */ = {isa = PBXBuildFile; fileRef = 83A9A03D2AFA0E1B00C1DE87 /* BrowseCollectionViewCell.xib */; };
		83A9A0402AFA108100C1DE87 /* BrowseFactory.swift in Sources */ = {isa = PBXBuildFile; fileRef = 83A9A03F2AFA108100C1DE87 /* BrowseFactory.swift */; };
		83A9A0422AFA108600C1DE87 /* BrowseCoordinator.swift in Sources */ = {isa = PBXBuildFile; fileRef = 83A9A0412AFA108600C1DE87 /* BrowseCoordinator.swift */; };
		83A9A0442AFA10E900C1DE87 /* BrowseRequest.swift in Sources */ = {isa = PBXBuildFile; fileRef = 83A9A0432AFA10E900C1DE87 /* BrowseRequest.swift */; };
		83AE56032B005B97003AFC13 /* DetailsFactory.swift in Sources */ = {isa = PBXBuildFile; fileRef = 83AE56022B005B97003AFC13 /* DetailsFactory.swift */; };
		83AE56052B005B9B003AFC13 /* DetailsCoordinator.swift in Sources */ = {isa = PBXBuildFile; fileRef = 83AE56042B005B9B003AFC13 /* DetailsCoordinator.swift */; };
		83AE56072B005BA4003AFC13 /* DetailsMediatingController.swift in Sources */ = {isa = PBXBuildFile; fileRef = 83AE56062B005BA4003AFC13 /* DetailsMediatingController.swift */; };
		83AE56092B005BAE003AFC13 /* DetailsMediatingController.xib in Resources */ = {isa = PBXBuildFile; fileRef = 83AE56082B005BAE003AFC13 /* DetailsMediatingController.xib */; };
		83AEF1112B00B606008DBD0A /* DetailsTableViewCell.swift in Sources */ = {isa = PBXBuildFile; fileRef = 83AEF1102B00B606008DBD0A /* DetailsTableViewCell.swift */; };
		83AEF1132B00B60E008DBD0A /* DetailsTableViewCell.xib in Resources */ = {isa = PBXBuildFile; fileRef = 83AEF1122B00B60E008DBD0A /* DetailsTableViewCell.xib */; };
		83E302912AF8C376004F073F /* UICollectionPageLayout.swift in Sources */ = {isa = PBXBuildFile; fileRef = 83E302902AF8C376004F073F /* UICollectionPageLayout.swift */; };
		83F64E372B0ED6DF005E857C /* DetailsRequest.swift in Sources */ = {isa = PBXBuildFile; fileRef = 83F64E362B0ED6DF005E857C /* DetailsRequest.swift */; };
/* End PBXBuildFile section */

/* Begin PBXContainerItemProxy section */
		83738D2E2AF7087D00F185FC /* PBXContainerItemProxy */ = {
			isa = PBXContainerItemProxy;
			containerPortal = 83738D0F2AF7087D00F185FC /* Project object */;
			proxyType = 1;
			remoteGlobalIDString = 83738D162AF7087D00F185FC;
			remoteInfo = ComicFans;
		};
		83738D382AF7087E00F185FC /* PBXContainerItemProxy */ = {
			isa = PBXContainerItemProxy;
			containerPortal = 83738D0F2AF7087D00F185FC /* Project object */;
			proxyType = 1;
			remoteGlobalIDString = 83738D162AF7087D00F185FC;
			remoteInfo = ComicFans;
		};
/* End PBXContainerItemProxy section */

/* Begin PBXFileReference section */
		8320725C2B0AA50D001D3A94 /* Data+.swift */ = {isa = PBXFileReference; lastKnownFileType = sourcecode.swift; path = "Data+.swift"; sourceTree = "<group>"; };
		8330F27A2AF8BB0E00AB79A0 /* HomeMediatingControllerTests.swift */ = {isa = PBXFileReference; lastKnownFileType = sourcecode.swift; path = HomeMediatingControllerTests.swift; sourceTree = "<group>"; };
		8330F27C2AF8BBAC00AB79A0 /* UIView+.swift */ = {isa = PBXFileReference; lastKnownFileType = sourcecode.swift; path = "UIView+.swift"; sourceTree = "<group>"; };
		833198152AF88602008530BD /* Downloader.swift */ = {isa = PBXFileReference; lastKnownFileType = sourcecode.swift; path = Downloader.swift; sourceTree = "<group>"; };
		833198182AF88745008530BD /* UIImageView+.swift */ = {isa = PBXFileReference; lastKnownFileType = sourcecode.swift; path = "UIImageView+.swift"; sourceTree = "<group>"; };
		833198192AF88745008530BD /* String+.swift */ = {isa = PBXFileReference; lastKnownFileType = sourcecode.swift; path = "String+.swift"; sourceTree = "<group>"; };
		8331981C2AF8874C008530BD /* ShadowView.swift */ = {isa = PBXFileReference; lastKnownFileType = sourcecode.swift; path = ShadowView.swift; sourceTree = "<group>"; };
		8331981F2AF887EC008530BD /* README.md */ = {isa = PBXFileReference; fileEncoding = 4; lastKnownFileType = net.daringfireball.markdown; path = README.md; sourceTree = "<group>"; };
		833198212AF887EC008530BD /* Alert.swift */ = {isa = PBXFileReference; fileEncoding = 4; lastKnownFileType = sourcecode.swift; path = Alert.swift; sourceTree = "<group>"; };
		833198222AF887EC008530BD /* OpenLink.swift */ = {isa = PBXFileReference; fileEncoding = 4; lastKnownFileType = sourcecode.swift; path = OpenLink.swift; sourceTree = "<group>"; };
		833198232AF887EC008530BD /* KeyboardToolbar.swift */ = {isa = PBXFileReference; fileEncoding = 4; lastKnownFileType = sourcecode.swift; path = KeyboardToolbar.swift; sourceTree = "<group>"; };
		833198242AF887EC008530BD /* BiometricUnlock.swift */ = {isa = PBXFileReference; fileEncoding = 4; lastKnownFileType = sourcecode.swift; path = BiometricUnlock.swift; sourceTree = "<group>"; };
		833198262AF887EC008530BD /* UIPasteBoard+.swift */ = {isa = PBXFileReference; fileEncoding = 4; lastKnownFileType = sourcecode.swift; path = "UIPasteBoard+.swift"; sourceTree = "<group>"; };
		8331982D2AF89AE3008530BD /* APIKeys.swift */ = {isa = PBXFileReference; lastKnownFileType = sourcecode.swift; path = APIKeys.swift; sourceTree = "<group>"; };
		83353C572AF9EC1E00726484 /* BrowseMediatingController.swift */ = {isa = PBXFileReference; lastKnownFileType = sourcecode.swift; path = BrowseMediatingController.swift; sourceTree = "<group>"; };
		83353C592AF9EC2B00726484 /* BrowseMediatingController.xib */ = {isa = PBXFileReference; lastKnownFileType = file.xib; path = BrowseMediatingController.xib; sourceTree = "<group>"; };
		83353C5B2AF9ECDD00726484 /* BrowseCollectionView.xib */ = {isa = PBXFileReference; lastKnownFileType = file.xib; path = BrowseCollectionView.xib; sourceTree = "<group>"; };
		83353C5D2AF9ECE400726484 /* BrowseCollectionView.swift */ = {isa = PBXFileReference; lastKnownFileType = sourcecode.swift; path = BrowseCollectionView.swift; sourceTree = "<group>"; };
		83423AF62B02F6E20090B476 /* ProcessingView.swift */ = {isa = PBXFileReference; lastKnownFileType = sourcecode.swift; path = ProcessingView.swift; sourceTree = "<group>"; };
		83738D172AF7087D00F185FC /* ComicFans.app */ = {isa = PBXFileReference; explicitFileType = wrapper.application; includeInIndex = 0; path = ComicFans.app; sourceTree = BUILT_PRODUCTS_DIR; };
		83738D1A2AF7087D00F185FC /* AppDelegate.swift */ = {isa = PBXFileReference; lastKnownFileType = sourcecode.swift; path = AppDelegate.swift; sourceTree = "<group>"; };
		83738D1C2AF7087D00F185FC /* SceneDelegate.swift */ = {isa = PBXFileReference; lastKnownFileType = sourcecode.swift; path = SceneDelegate.swift; sourceTree = "<group>"; };
		83738D1E2AF7087D00F185FC /* HomeMediatingController.swift */ = {isa = PBXFileReference; lastKnownFileType = sourcecode.swift; path = HomeMediatingController.swift; sourceTree = "<group>"; };
		83738D212AF7087D00F185FC /* Base */ = {isa = PBXFileReference; lastKnownFileType = file.storyboard; name = Base; path = Base.lproj/Main.storyboard; sourceTree = "<group>"; };
		83738D232AF7087D00F185FC /* Assets.xcassets */ = {isa = PBXFileReference; lastKnownFileType = folder.assetcatalog; path = Assets.xcassets; sourceTree = "<group>"; };
		83738D262AF7087D00F185FC /* Base */ = {isa = PBXFileReference; lastKnownFileType = file.storyboard; name = Base; path = Base.lproj/LaunchScreen.storyboard; sourceTree = "<group>"; };
		83738D282AF7087D00F185FC /* Info.plist */ = {isa = PBXFileReference; lastKnownFileType = text.plist.xml; path = Info.plist; sourceTree = "<group>"; };
		83738D2D2AF7087D00F185FC /* ComicFansTests.xctest */ = {isa = PBXFileReference; explicitFileType = wrapper.cfbundle; includeInIndex = 0; path = ComicFansTests.xctest; sourceTree = BUILT_PRODUCTS_DIR; };
		83738D312AF7087D00F185FC /* ComicFansTests.swift */ = {isa = PBXFileReference; lastKnownFileType = sourcecode.swift; path = ComicFansTests.swift; sourceTree = "<group>"; };
		83738D372AF7087E00F185FC /* ComicFansUITests.xctest */ = {isa = PBXFileReference; explicitFileType = wrapper.cfbundle; includeInIndex = 0; path = ComicFansUITests.xctest; sourceTree = BUILT_PRODUCTS_DIR; };
		83738D3B2AF7087E00F185FC /* ComicFansUITests.swift */ = {isa = PBXFileReference; lastKnownFileType = sourcecode.swift; path = ComicFansUITests.swift; sourceTree = "<group>"; };
		83738D3D2AF7087E00F185FC /* ComicFansUITestsLaunchTests.swift */ = {isa = PBXFileReference; lastKnownFileType = sourcecode.swift; path = ComicFansUITestsLaunchTests.swift; sourceTree = "<group>"; };
		83738D4C2AF70A1B00F185FC /* CurrentEventCell.swift */ = {isa = PBXFileReference; lastKnownFileType = sourcecode.swift; path = CurrentEventCell.swift; sourceTree = "<group>"; };
		83738D4E2AF70A4500F185FC /* CurrentEventCell.xib */ = {isa = PBXFileReference; lastKnownFileType = file.xib; path = CurrentEventCell.xib; sourceTree = "<group>"; };
		83738D522AF70BAB00F185FC /* Thumbnail.swift */ = {isa = PBXFileReference; lastKnownFileType = sourcecode.swift; path = Thumbnail.swift; sourceTree = "<group>"; };
		83738D5C2AF7292300F185FC /* CurrentEventRequest.swift */ = {isa = PBXFileReference; lastKnownFileType = sourcecode.swift; path = CurrentEventRequest.swift; sourceTree = "<group>"; };
		83738D5E2AF72A0800F185FC /* HomeCoordinator.swift */ = {isa = PBXFileReference; lastKnownFileType = sourcecode.swift; path = HomeCoordinator.swift; sourceTree = "<group>"; };
		83738D602AF7585500F185FC /* CategoryCollectionCell.swift */ = {isa = PBXFileReference; lastKnownFileType = sourcecode.swift; path = CategoryCollectionCell.swift; sourceTree = "<group>"; };
		838B84752B01493500698FE7 /* ComicFans.xctestplan */ = {isa = PBXFileReference; lastKnownFileType = text; path = ComicFans.xctestplan; sourceTree = "<group>"; };
		83A422312AFE9CCE00626208 /* DataSet.swift */ = {isa = PBXFileReference; lastKnownFileType = sourcecode.swift; path = DataSet.swift; sourceTree = "<group>"; };
		83A422332AFEB38900626208 /* Browse.swift */ = {isa = PBXFileReference; lastKnownFileType = sourcecode.swift; path = Browse.swift; sourceTree = "<group>"; };
		83A43D0F2B008BD70008A27E /* AppColors.swift */ = {isa = PBXFileReference; lastKnownFileType = sourcecode.swift; path = AppColors.swift; sourceTree = "<group>"; };
		83A9A03B2AFA0CEA00C1DE87 /* BrowseCollectionViewCell.swift */ = {isa = PBXFileReference; lastKnownFileType = sourcecode.swift; path = BrowseCollectionViewCell.swift; sourceTree = "<group>"; };
		83A9A03D2AFA0E1B00C1DE87 /* BrowseCollectionViewCell.xib */ = {isa = PBXFileReference; lastKnownFileType = file.xib; path = BrowseCollectionViewCell.xib; sourceTree = "<group>"; };
		83A9A03F2AFA108100C1DE87 /* BrowseFactory.swift */ = {isa = PBXFileReference; lastKnownFileType = sourcecode.swift; path = BrowseFactory.swift; sourceTree = "<group>"; };
		83A9A0412AFA108600C1DE87 /* BrowseCoordinator.swift */ = {isa = PBXFileReference; lastKnownFileType = sourcecode.swift; path = BrowseCoordinator.swift; sourceTree = "<group>"; };
		83A9A0432AFA10E900C1DE87 /* BrowseRequest.swift */ = {isa = PBXFileReference; lastKnownFileType = sourcecode.swift; path = BrowseRequest.swift; sourceTree = "<group>"; };
		83AE56022B005B97003AFC13 /* DetailsFactory.swift */ = {isa = PBXFileReference; lastKnownFileType = sourcecode.swift; path = DetailsFactory.swift; sourceTree = "<group>"; };
		83AE56042B005B9B003AFC13 /* DetailsCoordinator.swift */ = {isa = PBXFileReference; lastKnownFileType = sourcecode.swift; path = DetailsCoordinator.swift; sourceTree = "<group>"; };
		83AE56062B005BA4003AFC13 /* DetailsMediatingController.swift */ = {isa = PBXFileReference; lastKnownFileType = sourcecode.swift; path = DetailsMediatingController.swift; sourceTree = "<group>"; };
		83AE56082B005BAE003AFC13 /* DetailsMediatingController.xib */ = {isa = PBXFileReference; lastKnownFileType = file.xib; path = DetailsMediatingController.xib; sourceTree = "<group>"; };
		83AEF1102B00B606008DBD0A /* DetailsTableViewCell.swift */ = {isa = PBXFileReference; lastKnownFileType = sourcecode.swift; path = DetailsTableViewCell.swift; sourceTree = "<group>"; };
		83AEF1122B00B60E008DBD0A /* DetailsTableViewCell.xib */ = {isa = PBXFileReference; lastKnownFileType = file.xib; path = DetailsTableViewCell.xib; sourceTree = "<group>"; };
		83E302902AF8C376004F073F /* UICollectionPageLayout.swift */ = {isa = PBXFileReference; lastKnownFileType = sourcecode.swift; path = UICollectionPageLayout.swift; sourceTree = "<group>"; };
		83F64E362B0ED6DF005E857C /* DetailsRequest.swift */ = {isa = PBXFileReference; lastKnownFileType = sourcecode.swift; path = DetailsRequest.swift; sourceTree = "<group>"; };
/* End PBXFileReference section */

/* Begin PBXFrameworksBuildPhase section */
		83738D142AF7087D00F185FC /* Frameworks */ = {
			isa = PBXFrameworksBuildPhase;
			buildActionMask = 2147483647;
			files = (
			);
			runOnlyForDeploymentPostprocessing = 0;
		};
		83738D2A2AF7087D00F185FC /* Frameworks */ = {
			isa = PBXFrameworksBuildPhase;
			buildActionMask = 2147483647;
			files = (
			);
			runOnlyForDeploymentPostprocessing = 0;
		};
		83738D342AF7087E00F185FC /* Frameworks */ = {
			isa = PBXFrameworksBuildPhase;
			buildActionMask = 2147483647;
			files = (
			);
			runOnlyForDeploymentPostprocessing = 0;
		};
/* End PBXFrameworksBuildPhase section */

/* Begin PBXGroup section */
		833198172AF88630008530BD /* MarvelAPI */ = {
			isa = PBXGroup;
			children = (
				83A422312AFE9CCE00626208 /* DataSet.swift */,
				83A422332AFEB38900626208 /* Browse.swift */,
				83738D522AF70BAB00F185FC /* Thumbnail.swift */,
				833198152AF88602008530BD /* Downloader.swift */,
				8331982D2AF89AE3008530BD /* APIKeys.swift */,
			);
			path = MarvelAPI;
			sourceTree = "<group>";
		};
		8331981E2AF887EC008530BD /* SwiftTools */ = {
			isa = PBXGroup;
			children = (
				8331981F2AF887EC008530BD /* README.md */,
				833198202AF887EC008530BD /* Utilities */,
				833198252AF887EC008530BD /* UIKit+ */,
			);
			path = SwiftTools;
			sourceTree = "<group>";
		};
		833198202AF887EC008530BD /* Utilities */ = {
			isa = PBXGroup;
			children = (
				83E302902AF8C376004F073F /* UICollectionPageLayout.swift */,
				8331981C2AF8874C008530BD /* ShadowView.swift */,
				833198212AF887EC008530BD /* Alert.swift */,
				833198222AF887EC008530BD /* OpenLink.swift */,
				833198232AF887EC008530BD /* KeyboardToolbar.swift */,
				833198242AF887EC008530BD /* BiometricUnlock.swift */,
				83A43D0F2B008BD70008A27E /* AppColors.swift */,
				83423AF62B02F6E20090B476 /* ProcessingView.swift */,
			);
			path = Utilities;
			sourceTree = "<group>";
		};
		833198252AF887EC008530BD /* UIKit+ */ = {
			isa = PBXGroup;
			children = (
				833198192AF88745008530BD /* String+.swift */,
				833198182AF88745008530BD /* UIImageView+.swift */,
				833198262AF887EC008530BD /* UIPasteBoard+.swift */,
				8330F27C2AF8BBAC00AB79A0 /* UIView+.swift */,
				8320725C2B0AA50D001D3A94 /* Data+.swift */,
			);
			path = "UIKit+";
			sourceTree = "<group>";
		};
		83353C502AF9EB5700726484 /* Browse */ = {
			isa = PBXGroup;
			children = (
				83A9A0432AFA10E900C1DE87 /* BrowseRequest.swift */,
				83A9A03F2AFA108100C1DE87 /* BrowseFactory.swift */,
				83A9A0412AFA108600C1DE87 /* BrowseCoordinator.swift */,
				83353C572AF9EC1E00726484 /* BrowseMediatingController.swift */,
				83353C592AF9EC2B00726484 /* BrowseMediatingController.xib */,
				83353C5D2AF9ECE400726484 /* BrowseCollectionView.swift */,
				83353C5B2AF9ECDD00726484 /* BrowseCollectionView.xib */,
				83A9A03B2AFA0CEA00C1DE87 /* BrowseCollectionViewCell.swift */,
				83A9A03D2AFA0E1B00C1DE87 /* BrowseCollectionViewCell.xib */,
			);
			path = Browse;
			sourceTree = "<group>";
		};
		83738D0E2AF7087D00F185FC = {
			isa = PBXGroup;
			children = (
				838B84752B01493500698FE7 /* ComicFans.xctestplan */,
				83738D192AF7087D00F185FC /* ComicFans */,
				83738D302AF7087D00F185FC /* ComicFansTests */,
				83738D3A2AF7087E00F185FC /* ComicFansUITests */,
				83738D182AF7087D00F185FC /* Products */,
			);
			sourceTree = "<group>";
		};
		83738D182AF7087D00F185FC /* Products */ = {
			isa = PBXGroup;
			children = (
				83738D172AF7087D00F185FC /* ComicFans.app */,
				83738D2D2AF7087D00F185FC /* ComicFansTests.xctest */,
				83738D372AF7087E00F185FC /* ComicFansUITests.xctest */,
			);
			name = Products;
			sourceTree = "<group>";
		};
		83738D192AF7087D00F185FC /* ComicFans */ = {
			isa = PBXGroup;
			children = (
				83738D1A2AF7087D00F185FC /* AppDelegate.swift */,
				83738D1C2AF7087D00F185FC /* SceneDelegate.swift */,
				8331981E2AF887EC008530BD /* SwiftTools */,
				833198172AF88630008530BD /* MarvelAPI */,
				83738D4A2AF7092C00F185FC /* Modules */,
				83738D202AF7087D00F185FC /* Main.storyboard */,
				83738D232AF7087D00F185FC /* Assets.xcassets */,
				83738D252AF7087D00F185FC /* LaunchScreen.storyboard */,
				83738D282AF7087D00F185FC /* Info.plist */,
			);
			path = ComicFans;
			sourceTree = "<group>";
		};
		83738D302AF7087D00F185FC /* ComicFansTests */ = {
			isa = PBXGroup;
			children = (
				83738D312AF7087D00F185FC /* ComicFansTests.swift */,
			);
			path = ComicFansTests;
			sourceTree = "<group>";
		};
		83738D3A2AF7087E00F185FC /* ComicFansUITests */ = {
			isa = PBXGroup;
			children = (
				83738D3B2AF7087E00F185FC /* ComicFansUITests.swift */,
				83738D3D2AF7087E00F185FC /* ComicFansUITestsLaunchTests.swift */,
			);
			path = ComicFansUITests;
			sourceTree = "<group>";
		};
		83738D4A2AF7092C00F185FC /* Modules */ = {
			isa = PBXGroup;
			children = (
				83738D4B2AF7095D00F185FC /* Home */,
				83353C502AF9EB5700726484 /* Browse */,
				83AE56012B005B74003AFC13 /* Details */,
			);
			path = Modules;
			sourceTree = "<group>";
		};
		83738D4B2AF7095D00F185FC /* Home */ = {
			isa = PBXGroup;
			children = (
				83738D5B2AF7290F00F185FC /* Requests */,
				83738D5E2AF72A0800F185FC /* HomeCoordinator.swift */,
				83738D1E2AF7087D00F185FC /* HomeMediatingController.swift */,
				8330F27A2AF8BB0E00AB79A0 /* HomeMediatingControllerTests.swift */,
				83738D602AF7585500F185FC /* CategoryCollectionCell.swift */,
				83738D4C2AF70A1B00F185FC /* CurrentEventCell.swift */,
				83738D4E2AF70A4500F185FC /* CurrentEventCell.xib */,
			);
			path = Home;
			sourceTree = "<group>";
		};
		83738D5B2AF7290F00F185FC /* Requests */ = {
			isa = PBXGroup;
			children = (
				83738D5C2AF7292300F185FC /* CurrentEventRequest.swift */,
			);
			path = Requests;
			sourceTree = "<group>";
		};
		83AE56012B005B74003AFC13 /* Details */ = {
			isa = PBXGroup;
			children = (
				83F64E382B0ED6E8005E857C /* Requests */,
				83AE56022B005B97003AFC13 /* DetailsFactory.swift */,
				83AE56042B005B9B003AFC13 /* DetailsCoordinator.swift */,
				83AE56062B005BA4003AFC13 /* DetailsMediatingController.swift */,
				83AE56082B005BAE003AFC13 /* DetailsMediatingController.xib */,
				83AEF1102B00B606008DBD0A /* DetailsTableViewCell.swift */,
				83AEF1122B00B60E008DBD0A /* DetailsTableViewCell.xib */,
			);
			path = Details;
			sourceTree = "<group>";
		};
		83F64E382B0ED6E8005E857C /* Requests */ = {
			isa = PBXGroup;
			children = (
				83F64E362B0ED6DF005E857C /* DetailsRequest.swift */,
			);
			path = Requests;
			sourceTree = "<group>";
		};
/* End PBXGroup section */

/* Begin PBXNativeTarget section */
		83738D162AF7087D00F185FC /* ComicFans */ = {
			isa = PBXNativeTarget;
			buildConfigurationList = 83738D412AF7087E00F185FC /* Build configuration list for PBXNativeTarget "ComicFans" */;
			buildPhases = (
				83738D132AF7087D00F185FC /* Sources */,
				83738D142AF7087D00F185FC /* Frameworks */,
				83738D152AF7087D00F185FC /* Resources */,
			);
			buildRules = (
			);
			dependencies = (
			);
			name = ComicFans;
			productName = ComicFans;
			productReference = 83738D172AF7087D00F185FC /* ComicFans.app */;
			productType = "com.apple.product-type.application";
		};
		83738D2C2AF7087D00F185FC /* ComicFansTests */ = {
			isa = PBXNativeTarget;
			buildConfigurationList = 83738D442AF7087E00F185FC /* Build configuration list for PBXNativeTarget "ComicFansTests" */;
			buildPhases = (
				83738D292AF7087D00F185FC /* Sources */,
				83738D2A2AF7087D00F185FC /* Frameworks */,
				83738D2B2AF7087D00F185FC /* Resources */,
			);
			buildRules = (
			);
			dependencies = (
				83738D2F2AF7087D00F185FC /* PBXTargetDependency */,
			);
			name = ComicFansTests;
			productName = ComicFansTests;
			productReference = 83738D2D2AF7087D00F185FC /* ComicFansTests.xctest */;
			productType = "com.apple.product-type.bundle.unit-test";
		};
		83738D362AF7087E00F185FC /* ComicFansUITests */ = {
			isa = PBXNativeTarget;
			buildConfigurationList = 83738D472AF7087E00F185FC /* Build configuration list for PBXNativeTarget "ComicFansUITests" */;
			buildPhases = (
				83738D332AF7087E00F185FC /* Sources */,
				83738D342AF7087E00F185FC /* Frameworks */,
				83738D352AF7087E00F185FC /* Resources */,
			);
			buildRules = (
			);
			dependencies = (
				83738D392AF7087E00F185FC /* PBXTargetDependency */,
			);
			name = ComicFansUITests;
			productName = ComicFansUITests;
			productReference = 83738D372AF7087E00F185FC /* ComicFansUITests.xctest */;
			productType = "com.apple.product-type.bundle.ui-testing";
		};
/* End PBXNativeTarget section */

/* Begin PBXProject section */
		83738D0F2AF7087D00F185FC /* Project object */ = {
			isa = PBXProject;
			attributes = {
				BuildIndependentTargetsInParallel = 1;
				LastSwiftUpdateCheck = 1500;
				LastUpgradeCheck = 1500;
				TargetAttributes = {
					83738D162AF7087D00F185FC = {
						CreatedOnToolsVersion = 15.0.1;
					};
					83738D2C2AF7087D00F185FC = {
						CreatedOnToolsVersion = 15.0.1;
						TestTargetID = 83738D162AF7087D00F185FC;
					};
					83738D362AF7087E00F185FC = {
						CreatedOnToolsVersion = 15.0.1;
						TestTargetID = 83738D162AF7087D00F185FC;
					};
				};
			};
			buildConfigurationList = 83738D122AF7087D00F185FC /* Build configuration list for PBXProject "ComicFans" */;
			compatibilityVersion = "Xcode 14.0";
			developmentRegion = en;
			hasScannedForEncodings = 0;
			knownRegions = (
				en,
				Base,
			);
			mainGroup = 83738D0E2AF7087D00F185FC;
			productRefGroup = 83738D182AF7087D00F185FC /* Products */;
			projectDirPath = "";
			projectRoot = "";
			targets = (
				83738D162AF7087D00F185FC /* ComicFans */,
				83738D2C2AF7087D00F185FC /* ComicFansTests */,
				83738D362AF7087E00F185FC /* ComicFansUITests */,
			);
		};
/* End PBXProject section */

/* Begin PBXResourcesBuildPhase section */
		83738D152AF7087D00F185FC /* Resources */ = {
			isa = PBXResourcesBuildPhase;
			buildActionMask = 2147483647;
			files = (
				83AEF1132B00B60E008DBD0A /* DetailsTableViewCell.xib in Resources */,
				83AE56092B005BAE003AFC13 /* DetailsMediatingController.xib in Resources */,
				83353C5C2AF9ECDD00726484 /* BrowseCollectionView.xib in Resources */,
				83353C5A2AF9EC2B00726484 /* BrowseMediatingController.xib in Resources */,
				83738D272AF7087D00F185FC /* LaunchScreen.storyboard in Resources */,
				83738D242AF7087D00F185FC /* Assets.xcassets in Resources */,
				83A9A03E2AFA0E1B00C1DE87 /* BrowseCollectionViewCell.xib in Resources */,
				833198272AF887EC008530BD /* README.md in Resources */,
				83738D4F2AF70A4500F185FC /* CurrentEventCell.xib in Resources */,
				83738D222AF7087D00F185FC /* Main.storyboard in Resources */,
			);
			runOnlyForDeploymentPostprocessing = 0;
		};
		83738D2B2AF7087D00F185FC /* Resources */ = {
			isa = PBXResourcesBuildPhase;
			buildActionMask = 2147483647;
			files = (
			);
			runOnlyForDeploymentPostprocessing = 0;
		};
		83738D352AF7087E00F185FC /* Resources */ = {
			isa = PBXResourcesBuildPhase;
			buildActionMask = 2147483647;
			files = (
			);
			runOnlyForDeploymentPostprocessing = 0;
		};
/* End PBXResourcesBuildPhase section */

/* Begin PBXSourcesBuildPhase section */
		83738D132AF7087D00F185FC /* Sources */ = {
			isa = PBXSourcesBuildPhase;
			buildActionMask = 2147483647;
			files = (
				833198292AF887EC008530BD /* OpenLink.swift in Sources */,
				8331981B2AF88745008530BD /* UIImageView+.swift in Sources */,
				8320725D2B0AA50D001D3A94 /* Data+.swift in Sources */,
				83AE56072B005BA4003AFC13 /* DetailsMediatingController.swift in Sources */,
				833198162AF88602008530BD /* Downloader.swift in Sources */,
				83738D1F2AF7087D00F185FC /* HomeMediatingController.swift in Sources */,
				8330F27D2AF8BBAC00AB79A0 /* UIView+.swift in Sources */,
				8331982A2AF887EC008530BD /* KeyboardToolbar.swift in Sources */,
				83738D5D2AF7292300F185FC /* CurrentEventRequest.swift in Sources */,
				83A9A0422AFA108600C1DE87 /* BrowseCoordinator.swift in Sources */,
				83738D1B2AF7087D00F185FC /* AppDelegate.swift in Sources */,
				83738D532AF70BAB00F185FC /* Thumbnail.swift in Sources */,
				83423AF72B02F6E20090B476 /* ProcessingView.swift in Sources */,
				8331982C2AF887EC008530BD /* UIPasteBoard+.swift in Sources */,
				8331982E2AF89AE3008530BD /* APIKeys.swift in Sources */,
				83353C582AF9EC1E00726484 /* BrowseMediatingController.swift in Sources */,
				833198282AF887EC008530BD /* Alert.swift in Sources */,
				83738D4D2AF70A1B00F185FC /* CurrentEventCell.swift in Sources */,
				83E302912AF8C376004F073F /* UICollectionPageLayout.swift in Sources */,
				83A9A0442AFA10E900C1DE87 /* BrowseRequest.swift in Sources */,
				83A9A03C2AFA0CEA00C1DE87 /* BrowseCollectionViewCell.swift in Sources */,
				83738D1D2AF7087D00F185FC /* SceneDelegate.swift in Sources */,
				83F64E372B0ED6DF005E857C /* DetailsRequest.swift in Sources */,
				83A422322AFE9CCE00626208 /* DataSet.swift in Sources */,
				83A9A0402AFA108100C1DE87 /* BrowseFactory.swift in Sources */,
				8331981A2AF88745008530BD /* String+.swift in Sources */,
				8331982B2AF887EC008530BD /* BiometricUnlock.swift in Sources */,
				83AE56032B005B97003AFC13 /* DetailsFactory.swift in Sources */,
				83A422342AFEB38900626208 /* Browse.swift in Sources */,
				8331981D2AF8874C008530BD /* ShadowView.swift in Sources */,
				83AEF1112B00B606008DBD0A /* DetailsTableViewCell.swift in Sources */,
				83738D612AF7585500F185FC /* CategoryCollectionCell.swift in Sources */,
				83AE56052B005B9B003AFC13 /* DetailsCoordinator.swift in Sources */,
				83A43D102B008BD70008A27E /* AppColors.swift in Sources */,
				83353C5E2AF9ECE400726484 /* BrowseCollectionView.swift in Sources */,
				83738D5F2AF72A0800F185FC /* HomeCoordinator.swift in Sources */,
			);
			runOnlyForDeploymentPostprocessing = 0;
		};
		83738D292AF7087D00F185FC /* Sources */ = {
			isa = PBXSourcesBuildPhase;
			buildActionMask = 2147483647;
			files = (
				83738D322AF7087D00F185FC /* ComicFansTests.swift in Sources */,
				8330F27B2AF8BB0E00AB79A0 /* HomeMediatingControllerTests.swift in Sources */,
			);
			runOnlyForDeploymentPostprocessing = 0;
		};
		83738D332AF7087E00F185FC /* Sources */ = {
			isa = PBXSourcesBuildPhase;
			buildActionMask = 2147483647;
			files = (
				83738D3E2AF7087E00F185FC /* ComicFansUITestsLaunchTests.swift in Sources */,
				83738D3C2AF7087E00F185FC /* ComicFansUITests.swift in Sources */,
			);
			runOnlyForDeploymentPostprocessing = 0;
		};
/* End PBXSourcesBuildPhase section */

/* Begin PBXTargetDependency section */
		83738D2F2AF7087D00F185FC /* PBXTargetDependency */ = {
			isa = PBXTargetDependency;
			target = 83738D162AF7087D00F185FC /* ComicFans */;
			targetProxy = 83738D2E2AF7087D00F185FC /* PBXContainerItemProxy */;
		};
		83738D392AF7087E00F185FC /* PBXTargetDependency */ = {
			isa = PBXTargetDependency;
			target = 83738D162AF7087D00F185FC /* ComicFans */;
			targetProxy = 83738D382AF7087E00F185FC /* PBXContainerItemProxy */;
		};
/* End PBXTargetDependency section */

/* Begin PBXVariantGroup section */
		83738D202AF7087D00F185FC /* Main.storyboard */ = {
			isa = PBXVariantGroup;
			children = (
				83738D212AF7087D00F185FC /* Base */,
			);
			name = Main.storyboard;
			sourceTree = "<group>";
		};
		83738D252AF7087D00F185FC /* LaunchScreen.storyboard */ = {
			isa = PBXVariantGroup;
			children = (
				83738D262AF7087D00F185FC /* Base */,
			);
			name = LaunchScreen.storyboard;
			sourceTree = "<group>";
		};
/* End PBXVariantGroup section */

/* Begin XCBuildConfiguration section */
		83738D3F2AF7087E00F185FC /* Debug */ = {
			isa = XCBuildConfiguration;
			buildSettings = {
				ALWAYS_SEARCH_USER_PATHS = NO;
				ASSETCATALOG_COMPILER_GENERATE_SWIFT_ASSET_SYMBOL_EXTENSIONS = YES;
				CLANG_ANALYZER_NONNULL = YES;
				CLANG_ANALYZER_NUMBER_OBJECT_CONVERSION = YES_AGGRESSIVE;
				CLANG_CXX_LANGUAGE_STANDARD = "gnu++20";
				CLANG_ENABLE_MODULES = YES;
				CLANG_ENABLE_OBJC_ARC = YES;
				CLANG_ENABLE_OBJC_WEAK = YES;
				CLANG_WARN_BLOCK_CAPTURE_AUTORELEASING = YES;
				CLANG_WARN_BOOL_CONVERSION = YES;
				CLANG_WARN_COMMA = YES;
				CLANG_WARN_CONSTANT_CONVERSION = YES;
				CLANG_WARN_DEPRECATED_OBJC_IMPLEMENTATIONS = YES;
				CLANG_WARN_DIRECT_OBJC_ISA_USAGE = YES_ERROR;
				CLANG_WARN_DOCUMENTATION_COMMENTS = YES;
				CLANG_WARN_EMPTY_BODY = YES;
				CLANG_WARN_ENUM_CONVERSION = YES;
				CLANG_WARN_INFINITE_RECURSION = YES;
				CLANG_WARN_INT_CONVERSION = YES;
				CLANG_WARN_NON_LITERAL_NULL_CONVERSION = YES;
				CLANG_WARN_OBJC_IMPLICIT_RETAIN_SELF = YES;
				CLANG_WARN_OBJC_LITERAL_CONVERSION = YES;
				CLANG_WARN_OBJC_ROOT_CLASS = YES_ERROR;
				CLANG_WARN_QUOTED_INCLUDE_IN_FRAMEWORK_HEADER = YES;
				CLANG_WARN_RANGE_LOOP_ANALYSIS = YES;
				CLANG_WARN_STRICT_PROTOTYPES = YES;
				CLANG_WARN_SUSPICIOUS_MOVE = YES;
				CLANG_WARN_UNGUARDED_AVAILABILITY = YES_AGGRESSIVE;
				CLANG_WARN_UNREACHABLE_CODE = YES;
				CLANG_WARN__DUPLICATE_METHOD_MATCH = YES;
				COPY_PHASE_STRIP = NO;
				DEBUG_INFORMATION_FORMAT = dwarf;
				ENABLE_STRICT_OBJC_MSGSEND = YES;
				ENABLE_TESTABILITY = YES;
				ENABLE_USER_SCRIPT_SANDBOXING = YES;
				GCC_C_LANGUAGE_STANDARD = gnu17;
				GCC_DYNAMIC_NO_PIC = NO;
				GCC_NO_COMMON_BLOCKS = YES;
				GCC_OPTIMIZATION_LEVEL = 0;
				GCC_PREPROCESSOR_DEFINITIONS = (
					"DEBUG=1",
					"$(inherited)",
				);
				GCC_WARN_64_TO_32_BIT_CONVERSION = YES;
				GCC_WARN_ABOUT_RETURN_TYPE = YES_ERROR;
				GCC_WARN_UNDECLARED_SELECTOR = YES;
				GCC_WARN_UNINITIALIZED_AUTOS = YES_AGGRESSIVE;
				GCC_WARN_UNUSED_FUNCTION = YES;
				GCC_WARN_UNUSED_VARIABLE = YES;
				IPHONEOS_DEPLOYMENT_TARGET = 17.0;
				LOCALIZATION_PREFERS_STRING_CATALOGS = YES;
				MTL_ENABLE_DEBUG_INFO = INCLUDE_SOURCE;
				MTL_FAST_MATH = YES;
				ONLY_ACTIVE_ARCH = YES;
				SDKROOT = iphoneos;
				SWIFT_ACTIVE_COMPILATION_CONDITIONS = "DEBUG $(inherited)";
				SWIFT_OPTIMIZATION_LEVEL = "-Onone";
			};
			name = Debug;
		};
		83738D402AF7087E00F185FC /* Release */ = {
			isa = XCBuildConfiguration;
			buildSettings = {
				ALWAYS_SEARCH_USER_PATHS = NO;
				ASSETCATALOG_COMPILER_GENERATE_SWIFT_ASSET_SYMBOL_EXTENSIONS = YES;
				CLANG_ANALYZER_NONNULL = YES;
				CLANG_ANALYZER_NUMBER_OBJECT_CONVERSION = YES_AGGRESSIVE;
				CLANG_CXX_LANGUAGE_STANDARD = "gnu++20";
				CLANG_ENABLE_MODULES = YES;
				CLANG_ENABLE_OBJC_ARC = YES;
				CLANG_ENABLE_OBJC_WEAK = YES;
				CLANG_WARN_BLOCK_CAPTURE_AUTORELEASING = YES;
				CLANG_WARN_BOOL_CONVERSION = YES;
				CLANG_WARN_COMMA = YES;
				CLANG_WARN_CONSTANT_CONVERSION = YES;
				CLANG_WARN_DEPRECATED_OBJC_IMPLEMENTATIONS = YES;
				CLANG_WARN_DIRECT_OBJC_ISA_USAGE = YES_ERROR;
				CLANG_WARN_DOCUMENTATION_COMMENTS = YES;
				CLANG_WARN_EMPTY_BODY = YES;
				CLANG_WARN_ENUM_CONVERSION = YES;
				CLANG_WARN_INFINITE_RECURSION = YES;
				CLANG_WARN_INT_CONVERSION = YES;
				CLANG_WARN_NON_LITERAL_NULL_CONVERSION = YES;
				CLANG_WARN_OBJC_IMPLICIT_RETAIN_SELF = YES;
				CLANG_WARN_OBJC_LITERAL_CONVERSION = YES;
				CLANG_WARN_OBJC_ROOT_CLASS = YES_ERROR;
				CLANG_WARN_QUOTED_INCLUDE_IN_FRAMEWORK_HEADER = YES;
				CLANG_WARN_RANGE_LOOP_ANALYSIS = YES;
				CLANG_WARN_STRICT_PROTOTYPES = YES;
				CLANG_WARN_SUSPICIOUS_MOVE = YES;
				CLANG_WARN_UNGUARDED_AVAILABILITY = YES_AGGRESSIVE;
				CLANG_WARN_UNREACHABLE_CODE = YES;
				CLANG_WARN__DUPLICATE_METHOD_MATCH = YES;
				COPY_PHASE_STRIP = NO;
				DEBUG_INFORMATION_FORMAT = "dwarf-with-dsym";
				ENABLE_NS_ASSERTIONS = NO;
				ENABLE_STRICT_OBJC_MSGSEND = YES;
				ENABLE_USER_SCRIPT_SANDBOXING = YES;
				GCC_C_LANGUAGE_STANDARD = gnu17;
				GCC_NO_COMMON_BLOCKS = YES;
				GCC_WARN_64_TO_32_BIT_CONVERSION = YES;
				GCC_WARN_ABOUT_RETURN_TYPE = YES_ERROR;
				GCC_WARN_UNDECLARED_SELECTOR = YES;
				GCC_WARN_UNINITIALIZED_AUTOS = YES_AGGRESSIVE;
				GCC_WARN_UNUSED_FUNCTION = YES;
				GCC_WARN_UNUSED_VARIABLE = YES;
				IPHONEOS_DEPLOYMENT_TARGET = 17.0;
				LOCALIZATION_PREFERS_STRING_CATALOGS = YES;
				MTL_ENABLE_DEBUG_INFO = NO;
				MTL_FAST_MATH = YES;
				SDKROOT = iphoneos;
				SWIFT_COMPILATION_MODE = wholemodule;
				VALIDATE_PRODUCT = YES;
			};
			name = Release;
		};
		83738D422AF7087E00F185FC /* Debug */ = {
			isa = XCBuildConfiguration;
			buildSettings = {
				ASSETCATALOG_COMPILER_APPICON_NAME = AppIcon;
				ASSETCATALOG_COMPILER_GLOBAL_ACCENT_COLOR_NAME = AccentColor;
				CODE_SIGN_STYLE = Automatic;
				CURRENT_PROJECT_VERSION = 1;
				DEVELOPMENT_TEAM = BW3C2GGWGE;
				GENERATE_INFOPLIST_FILE = YES;
				INFOPLIST_FILE = ComicFans/Info.plist;
				INFOPLIST_KEY_LSApplicationCategoryType = "public.app-category.books";
				INFOPLIST_KEY_UIApplicationSupportsIndirectInputEvents = YES;
				INFOPLIST_KEY_UILaunchStoryboardName = LaunchScreen;
				INFOPLIST_KEY_UIMainStoryboardFile = Main;
				INFOPLIST_KEY_UISupportedInterfaceOrientations = UIInterfaceOrientationPortrait;
				LD_RUNPATH_SEARCH_PATHS = (
					"$(inherited)",
					"@executable_path/Frameworks",
				);
				MARKETING_VERSION = 1.0;
				PRODUCT_BUNDLE_IDENTIFIER = com.IronHacker.ComicFans;
				PRODUCT_NAME = "$(TARGET_NAME)";
				SUPPORTED_PLATFORMS = "iphoneos iphonesimulator";
				SUPPORTS_MACCATALYST = NO;
				SUPPORTS_MAC_DESIGNED_FOR_IPHONE_IPAD = NO;
				SWIFT_EMIT_LOC_STRINGS = YES;
				SWIFT_VERSION = 5.0;
				TARGETED_DEVICE_FAMILY = 1;
			};
			name = Debug;
		};
		83738D432AF7087E00F185FC /* Release */ = {
			isa = XCBuildConfiguration;
			buildSettings = {
				ASSETCATALOG_COMPILER_APPICON_NAME = AppIcon;
				ASSETCATALOG_COMPILER_GLOBAL_ACCENT_COLOR_NAME = AccentColor;
				CODE_SIGN_STYLE = Automatic;
				CURRENT_PROJECT_VERSION = 1;
				DEVELOPMENT_TEAM = BW3C2GGWGE;
				GENERATE_INFOPLIST_FILE = YES;
				INFOPLIST_FILE = ComicFans/Info.plist;
				INFOPLIST_KEY_LSApplicationCategoryType = "public.app-category.books";
				INFOPLIST_KEY_UIApplicationSupportsIndirectInputEvents = YES;
				INFOPLIST_KEY_UILaunchStoryboardName = LaunchScreen;
				INFOPLIST_KEY_UIMainStoryboardFile = Main;
				INFOPLIST_KEY_UISupportedInterfaceOrientations = UIInterfaceOrientationPortrait;
				LD_RUNPATH_SEARCH_PATHS = (
					"$(inherited)",
					"@executable_path/Frameworks",
				);
				MARKETING_VERSION = 1.0;
				PRODUCT_BUNDLE_IDENTIFIER = com.IronHacker.ComicFans;
				PRODUCT_NAME = "$(TARGET_NAME)";
				SUPPORTED_PLATFORMS = "iphoneos iphonesimulator";
				SUPPORTS_MACCATALYST = NO;
				SUPPORTS_MAC_DESIGNED_FOR_IPHONE_IPAD = NO;
				SWIFT_EMIT_LOC_STRINGS = YES;
				SWIFT_VERSION = 5.0;
				TARGETED_DEVICE_FAMILY = 1;
			};
			name = Release;
		};
		83738D452AF7087E00F185FC /* Debug */ = {
			isa = XCBuildConfiguration;
			buildSettings = {
				ALWAYS_EMBED_SWIFT_STANDARD_LIBRARIES = YES;
				BUNDLE_LOADER = "$(TEST_HOST)";
				CODE_SIGN_STYLE = Automatic;
				CURRENT_PROJECT_VERSION = 1;
				DEVELOPMENT_TEAM = BW3C2GGWGE;
				GENERATE_INFOPLIST_FILE = YES;
				IPHONEOS_DEPLOYMENT_TARGET = 17.0;
				MARKETING_VERSION = 1.0;
				PRODUCT_BUNDLE_IDENTIFIER = com.IronHacker.ComicFansTests;
				PRODUCT_NAME = "$(TARGET_NAME)";
				SWIFT_EMIT_LOC_STRINGS = NO;
				SWIFT_VERSION = 5.0;
				TARGETED_DEVICE_FAMILY = "1,2";
				TEST_HOST = "$(BUILT_PRODUCTS_DIR)/ComicFans.app/$(BUNDLE_EXECUTABLE_FOLDER_PATH)/ComicFans";
			};
			name = Debug;
		};
		83738D462AF7087E00F185FC /* Release */ = {
			isa = XCBuildConfiguration;
			buildSettings = {
				ALWAYS_EMBED_SWIFT_STANDARD_LIBRARIES = YES;
				BUNDLE_LOADER = "$(TEST_HOST)";
				CODE_SIGN_STYLE = Automatic;
				CURRENT_PROJECT_VERSION = 1;
				DEVELOPMENT_TEAM = BW3C2GGWGE;
				GENERATE_INFOPLIST_FILE = YES;
				IPHONEOS_DEPLOYMENT_TARGET = 17.0;
				MARKETING_VERSION = 1.0;
				PRODUCT_BUNDLE_IDENTIFIER = com.IronHacker.ComicFansTests;
				PRODUCT_NAME = "$(TARGET_NAME)";
				SWIFT_EMIT_LOC_STRINGS = NO;
				SWIFT_VERSION = 5.0;
				TARGETED_DEVICE_FAMILY = "1,2";
				TEST_HOST = "$(BUILT_PRODUCTS_DIR)/ComicFans.app/$(BUNDLE_EXECUTABLE_FOLDER_PATH)/ComicFans";
			};
			name = Release;
		};
		83738D482AF7087E00F185FC /* Debug */ = {
			isa = XCBuildConfiguration;
			buildSettings = {
				ALWAYS_EMBED_SWIFT_STANDARD_LIBRARIES = YES;
				CODE_SIGN_STYLE = Automatic;
				CURRENT_PROJECT_VERSION = 1;
				DEVELOPMENT_TEAM = BW3C2GGWGE;
				GENERATE_INFOPLIST_FILE = YES;
				MARKETING_VERSION = 1.0;
				PRODUCT_BUNDLE_IDENTIFIER = com.IronHacker.ComicFansUITests;
				PRODUCT_NAME = "$(TARGET_NAME)";
				SWIFT_EMIT_LOC_STRINGS = NO;
				SWIFT_VERSION = 5.0;
				TARGETED_DEVICE_FAMILY = "1,2";
				TEST_TARGET_NAME = ComicFans;
			};
			name = Debug;
		};
		83738D492AF7087E00F185FC /* Release */ = {
			isa = XCBuildConfiguration;
			buildSettings = {
				ALWAYS_EMBED_SWIFT_STANDARD_LIBRARIES = YES;
				CODE_SIGN_STYLE = Automatic;
				CURRENT_PROJECT_VERSION = 1;
				DEVELOPMENT_TEAM = BW3C2GGWGE;
				GENERATE_INFOPLIST_FILE = YES;
				MARKETING_VERSION = 1.0;
				PRODUCT_BUNDLE_IDENTIFIER = com.IronHacker.ComicFansUITests;
				PRODUCT_NAME = "$(TARGET_NAME)";
				SWIFT_EMIT_LOC_STRINGS = NO;
				SWIFT_VERSION = 5.0;
				TARGETED_DEVICE_FAMILY = "1,2";
				TEST_TARGET_NAME = ComicFans;
			};
			name = Release;
		};
/* End XCBuildConfiguration section */

/* Begin XCConfigurationList section */
		83738D122AF7087D00F185FC /* Build configuration list for PBXProject "ComicFans" */ = {
			isa = XCConfigurationList;
			buildConfigurations = (
				83738D3F2AF7087E00F185FC /* Debug */,
				83738D402AF7087E00F185FC /* Release */,
			);
			defaultConfigurationIsVisible = 0;
			defaultConfigurationName = Release;
		};
		83738D412AF7087E00F185FC /* Build configuration list for PBXNativeTarget "ComicFans" */ = {
			isa = XCConfigurationList;
			buildConfigurations = (
				83738D422AF7087E00F185FC /* Debug */,
				83738D432AF7087E00F185FC /* Release */,
			);
			defaultConfigurationIsVisible = 0;
			defaultConfigurationName = Release;
		};
		83738D442AF7087E00F185FC /* Build configuration list for PBXNativeTarget "ComicFansTests" */ = {
			isa = XCConfigurationList;
			buildConfigurations = (
				83738D452AF7087E00F185FC /* Debug */,
				83738D462AF7087E00F185FC /* Release */,
			);
			defaultConfigurationIsVisible = 0;
			defaultConfigurationName = Release;
		};
		83738D472AF7087E00F185FC /* Build configuration list for PBXNativeTarget "ComicFansUITests" */ = {
			isa = XCConfigurationList;
			buildConfigurations = (
				83738D482AF7087E00F185FC /* Debug */,
				83738D492AF7087E00F185FC /* Release */,
			);
			defaultConfigurationIsVisible = 0;
			defaultConfigurationName = Release;
		};
/* End XCConfigurationList section */
	};
	rootObject = 83738D0F2AF7087D00F185FC /* Project object */;
}
